
Microsoft Visual Studio Solution File, Format Version 12.00
# Visual Studio Version 17
VisualStudioVersion = 17.7.34009.444
MinimumVisualStudioVersion = 10.0.40219.1
Project("{9A19103F-16F7-4668-BE54-9A1E7A4F7556}") = "Ocelot.Service", "Ocelot.Service\Ocelot.Service.csproj", "{642A16C7-200D-4728-BF82-4DFD7C6F4602}"
EndProject
Project("{E53339B2-1760-4266-BCC7-CA923CBCF16C}") = "docker-compose", "docker-compose.dcproj", "{3DD28FE8-FDAB-473C-9E6A-A6EFBF6139CC}"
EndProject
Project("{9A19103F-16F7-4668-BE54-9A1E7A4F7556}") = "Ocelot.Gateway", "Ocelot.Gateway\Ocelot.Gateway.csproj", "{33EA41F5-3CCA-4848-8295-0A7C53685CB4}"
EndProject
Project("{9A19103F-16F7-4668-BE54-9A1E7A4F7556}") = "Grpc.Web.Server", "Grpc.Web.Server\Grpc.Web.Server.csproj", "{F68EE945-704D-463D-A9A8-110B8D329508}"
EndProject
Project("{9A19103F-16F7-4668-BE54-9A1E7A4F7556}") = "Grpc.Web.Client", "Grpc.Web.Client\Grpc.Web.Client.csproj", "{61EE9122-1BF7-48B3-99C4-FEB29D47526B}"
EndProject
Project("{FAE04EC0-301F-11D3-BF4B-00C04F79EFBC}") = "Grpc.Cli.Client", "Grpc.Cli.Client\Grpc.Cli.Client.csproj", "{3BEF9B15-C7D4-4721-8A8C-5EFAE524A722}"
EndProject
Global
	GlobalSection(SolutionConfigurationPlatforms) = preSolution
		Debug|Any CPU = Debug|Any CPU
		Release|Any CPU = Release|Any CPU
	EndGlobalSection
	GlobalSection(ProjectConfigurationPlatforms) = postSolution
		{642A16C7-200D-4728-BF82-4DFD7C6F4602}.Debug|Any CPU.ActiveCfg = Debug|Any CPU
		{642A16C7-200D-4728-BF82-4DFD7C6F4602}.Debug|Any CPU.Build.0 = Debug|Any CPU
		{642A16C7-200D-4728-BF82-4DFD7C6F4602}.Release|Any CPU.ActiveCfg = Release|Any CPU
		{642A16C7-200D-4728-BF82-4DFD7C6F4602}.Release|Any CPU.Build.0 = Release|Any CPU
		{3DD28FE8-FDAB-473C-9E6A-A6EFBF6139CC}.Debug|Any CPU.ActiveCfg = Debug|Any CPU
		{3DD28FE8-FDAB-473C-9E6A-A6EFBF6139CC}.Debug|Any CPU.Build.0 = Debug|Any CPU
		{3DD28FE8-FDAB-473C-9E6A-A6EFBF6139CC}.Release|Any CPU.ActiveCfg = Release|Any CPU
		{3DD28FE8-FDAB-473C-9E6A-A6EFBF6139CC}.Release|Any CPU.Build.0 = Release|Any CPU
		{33EA41F5-3CCA-4848-8295-0A7C53685CB4}.Debug|Any CPU.ActiveCfg = Debug|Any CPU
		{33EA41F5-3CCA-4848-8295-0A7C53685CB4}.Debug|Any CPU.Build.0 = Debug|Any CPU
		{33EA41F5-3CCA-4848-8295-0A7C53685CB4}.Release|Any CPU.ActiveCfg = Release|Any CPU
		{33EA41F5-3CCA-4848-8295-0A7C53685CB4}.Release|Any CPU.Build.0 = Release|Any CPU
		{F68EE945-704D-463D-A9A8-110B8D329508}.Debug|Any CPU.ActiveCfg = Debug|Any CPU
		{F68EE945-704D-463D-A9A8-110B8D329508}.Debug|Any CPU.Build.0 = Debug|Any CPU
		{F68EE945-704D-463D-A9A8-110B8D329508}.Release|Any CPU.ActiveCfg = Release|Any CPU
		{F68EE945-704D-463D-A9A8-110B8D329508}.Release|Any CPU.Build.0 = Release|Any CPU
		{61EE9122-1BF7-48B3-99C4-FEB29D47526B}.Debug|Any CPU.ActiveCfg = Debug|Any CPU
		{61EE9122-1BF7-48B3-99C4-FEB29D47526B}.Debug|Any CPU.Build.0 = Debug|Any CPU
		{61EE9122-1BF7-48B3-99C4-FEB29D47526B}.Release|Any CPU.ActiveCfg = Release|Any CPU
		{61EE9122-1BF7-48B3-99C4-FEB29D47526B}.Release|Any CPU.Build.0 = Release|Any CPU
		{3BEF9B15-C7D4-4721-8A8C-5EFAE524A722}.Debug|Any CPU.ActiveCfg = Debug|Any CPU
		{3BEF9B15-C7D4-4721-8A8C-5EFAE524A722}.Debug|Any CPU.Build.0 = Debug|Any CPU
		{3BEF9B15-C7D4-4721-8A8C-5EFAE524A722}.Release|Any CPU.ActiveCfg = Release|Any CPU
		{3BEF9B15-C7D4-4721-8A8C-5EFAE524A722}.Release|Any CPU.Build.0 = Release|Any CPU
	EndGlobalSection
	GlobalSection(SolutionProperties) = preSolution
		HideSolutionNode = FALSE
	EndGlobalSection
	GlobalSection(ExtensibilityGlobals) = postSolution
		SolutionGuid = {20EA5E21-081A-432F-991C-413DA942F7B1}
	EndGlobalSection
EndGlobal
